
Microsoft Visual Studio Solution File, Format Version 12.00
# Visual Studio Version 17
VisualStudioVersion = 17.5.33516.290
MinimumVisualStudioVersion = 10.0.40219.1
Project("{FAE04EC0-301F-11D3-BF4B-00C04F79EFBC}") = "UnoApp1", "UnoApp1\UnoApp1\UnoApp1.csproj", "{7F4422B1-8D31-4977-8F55-3160C9941D8D}"
EndProject
Project("{FAE04EC0-301F-11D3-BF4B-00C04F79EFBC}") = "UnoApp1.DataContracts", "UnoApp1\UnoApp1.DataContracts\UnoApp1.DataContracts.csproj", "{2A3866EA-8D12-4950-B19C-AC055475EE52}"
EndProject
Project("{2150E333-8FDC-42A3-9474-1A3956D46DE8}") = "Platforms", "Platforms", "{05A17724-393E-4E9C-AC5C-ABCA2D641337}"
EndProject
Project("{9A19103F-16F7-4668-BE54-9A1E7A4F7556}") = "UnoApp1.Mobile", "UnoApp1\UnoApp1.Mobile\UnoApp1.Mobile.csproj", "{D80911A0-2492-4FDC-92F5-475CB40792D0}"
EndProject
Project("{9A19103F-16F7-4668-BE54-9A1E7A4F7556}") = "UnoApp1.Windows", "UnoApp1\UnoApp1.Windows\UnoApp1.Windows.csproj", "{4808585F-DBFA-4505-BA39-CA5F6C0655B6}"
EndProject
Global
	GlobalSection(SolutionConfigurationPlatforms) = preSolution
		Debug|Any CPU = Debug|Any CPU
		Debug|arm64 = Debug|arm64
		Debug|x64 = Debug|x64
		Debug|x86 = Debug|x86
		Release|Any CPU = Release|Any CPU
		Release|arm64 = Release|arm64
		Release|x64 = Release|x64
		Release|x86 = Release|x86
	EndGlobalSection
	GlobalSection(ProjectConfigurationPlatforms) = postSolution
		{7F4422B1-8D31-4977-8F55-3160C9941D8D}.Debug|Any CPU.ActiveCfg = Debug|Any CPU
		{7F4422B1-8D31-4977-8F55-3160C9941D8D}.Debug|Any CPU.Build.0 = Debug|Any CPU
		{7F4422B1-8D31-4977-8F55-3160C9941D8D}.Debug|arm64.ActiveCfg = Debug|Any CPU
		{7F4422B1-8D31-4977-8F55-3160C9941D8D}.Debug|arm64.Build.0 = Debug|Any CPU
		{7F4422B1-8D31-4977-8F55-3160C9941D8D}.Debug|x64.ActiveCfg = Debug|Any CPU
		{7F4422B1-8D31-4977-8F55-3160C9941D8D}.Debug|x64.Build.0 = Debug|Any CPU
		{7F4422B1-8D31-4977-8F55-3160C9941D8D}.Debug|x86.ActiveCfg = Debug|Any CPU
		{7F4422B1-8D31-4977-8F55-3160C9941D8D}.Debug|x86.Build.0 = Debug|Any CPU
		{7F4422B1-8D31-4977-8F55-3160C9941D8D}.Release|Any CPU.ActiveCfg = Release|Any CPU
		{7F4422B1-8D31-4977-8F55-3160C9941D8D}.Release|Any CPU.Build.0 = Release|Any CPU
		{7F4422B1-8D31-4977-8F55-3160C9941D8D}.Release|arm64.ActiveCfg = Release|Any CPU
		{7F4422B1-8D31-4977-8F55-3160C9941D8D}.Release|arm64.Build.0 = Release|Any CPU
		{7F4422B1-8D31-4977-8F55-3160C9941D8D}.Release|x64.ActiveCfg = Release|Any CPU
		{7F4422B1-8D31-4977-8F55-3160C9941D8D}.Release|x64.Build.0 = Release|Any CPU
		{7F4422B1-8D31-4977-8F55-3160C9941D8D}.Release|x86.ActiveCfg = Release|Any CPU
		{7F4422B1-8D31-4977-8F55-3160C9941D8D}.Release|x86.Build.0 = Release|Any CPU
		{2A3866EA-8D12-4950-B19C-AC055475EE52}.Debug|Any CPU.ActiveCfg = Debug|Any CPU
		{2A3866EA-8D12-4950-B19C-AC055475EE52}.Debug|Any CPU.Build.0 = Debug|Any CPU
		{2A3866EA-8D12-4950-B19C-AC055475EE52}.Debug|arm64.ActiveCfg = Debug|Any CPU
		{2A3866EA-8D12-4950-B19C-AC055475EE52}.Debug|arm64.Build.0 = Debug|Any CPU
		{2A3866EA-8D12-4950-B19C-AC055475EE52}.Debug|x64.ActiveCfg = Debug|Any CPU
		{2A3866EA-8D12-4950-B19C-AC055475EE52}.Debug|x64.Build.0 = Debug|Any CPU
		{2A3866EA-8D12-4950-B19C-AC055475EE52}.Debug|x86.ActiveCfg = Debug|Any CPU
		{2A3866EA-8D12-4950-B19C-AC055475EE52}.Debug|x86.Build.0 = Debug|Any CPU
		{2A3866EA-8D12-4950-B19C-AC055475EE52}.Release|Any CPU.ActiveCfg = Release|Any CPU
		{2A3866EA-8D12-4950-B19C-AC055475EE52}.Release|Any CPU.Build.0 = Release|Any CPU
		{2A3866EA-8D12-4950-B19C-AC055475EE52}.Release|arm64.ActiveCfg = Release|Any CPU
		{2A3866EA-8D12-4950-B19C-AC055475EE52}.Release|arm64.Build.0 = Release|Any CPU
		{2A3866EA-8D12-4950-B19C-AC055475EE52}.Release|x64.ActiveCfg = Release|Any CPU
		{2A3866EA-8D12-4950-B19C-AC055475EE52}.Release|x64.Build.0 = Release|Any CPU
		{2A3866EA-8D12-4950-B19C-AC055475EE52}.Release|x86.ActiveCfg = Release|Any CPU
		{2A3866EA-8D12-4950-B19C-AC055475EE52}.Release|x86.Build.0 = Release|Any CPU
		{D80911A0-2492-4FDC-92F5-475CB40792D0}.Debug|Any CPU.ActiveCfg = Debug|Any CPU
		{D80911A0-2492-4FDC-92F5-475CB40792D0}.Debug|Any CPU.Build.0 = Debug|Any CPU
		{D80911A0-2492-4FDC-92F5-475CB40792D0}.Debug|Any CPU.Deploy.0 = Debug|Any CPU
		{D80911A0-2492-4FDC-92F5-475CB40792D0}.Debug|arm64.ActiveCfg = Debug|Any CPU
		{D80911A0-2492-4FDC-92F5-475CB40792D0}.Debug|arm64.Build.0 = Debug|Any CPU
		{D80911A0-2492-4FDC-92F5-475CB40792D0}.Debug|arm64.Deploy.0 = Debug|Any CPU
		{D80911A0-2492-4FDC-92F5-475CB40792D0}.Debug|x64.ActiveCfg = Debug|Any CPU
		{D80911A0-2492-4FDC-92F5-475CB40792D0}.Debug|x64.Build.0 = Debug|Any CPU
		{D80911A0-2492-4FDC-92F5-475CB40792D0}.Debug|x64.Deploy.0 = Debug|Any CPU
		{D80911A0-2492-4FDC-92F5-475CB40792D0}.Debug|x86.ActiveCfg = Debug|Any CPU
		{D80911A0-2492-4FDC-92F5-475CB40792D0}.Debug|x86.Build.0 = Debug|Any CPU
		{D80911A0-2492-4FDC-92F5-475CB40792D0}.Debug|x86.Deploy.0 = Debug|Any CPU
		{D80911A0-2492-4FDC-92F5-475CB40792D0}.Release|Any CPU.ActiveCfg = Release|Any CPU
		{D80911A0-2492-4FDC-92F5-475CB40792D0}.Release|Any CPU.Build.0 = Release|Any CPU
		{D80911A0-2492-4FDC-92F5-475CB40792D0}.Release|Any CPU.Deploy.0 = Release|Any CPU
		{D80911A0-2492-4FDC-92F5-475CB40792D0}.Release|arm64.ActiveCfg = Release|Any CPU
		{D80911A0-2492-4FDC-92F5-475CB40792D0}.Release|arm64.Build.0 = Release|Any CPU
		{D80911A0-2492-4FDC-92F5-475CB40792D0}.Release|arm64.Deploy.0 = Release|Any CPU
		{D80911A0-2492-4FDC-92F5-475CB40792D0}.Release|x64.ActiveCfg = Release|Any CPU
		{D80911A0-2492-4FDC-92F5-475CB40792D0}.Release|x64.Build.0 = Release|Any CPU
		{D80911A0-2492-4FDC-92F5-475CB40792D0}.Release|x64.Deploy.0 = Release|Any CPU
		{D80911A0-2492-4FDC-92F5-475CB40792D0}.Release|x86.ActiveCfg = Release|Any CPU
		{D80911A0-2492-4FDC-92F5-475CB40792D0}.Release|x86.Build.0 = Release|Any CPU
		{D80911A0-2492-4FDC-92F5-475CB40792D0}.Release|x86.Deploy.0 = Release|Any CPU
		{4808585F-DBFA-4505-BA39-CA5F6C0655B6}.Debug|Any CPU.ActiveCfg = Debug|x64
		{4808585F-DBFA-4505-BA39-CA5F6C0655B6}.Debug|Any CPU.Build.0 = Debug|x64
		{4808585F-DBFA-4505-BA39-CA5F6C0655B6}.Debug|Any CPU.Deploy.0 = Debug|x64
		{4808585F-DBFA-4505-BA39-CA5F6C0655B6}.Debug|arm64.ActiveCfg = Debug|arm64
		{4808585F-DBFA-4505-BA39-CA5F6C0655B6}.Debug|arm64.Build.0 = Debug|arm64
		{4808585F-DBFA-4505-BA39-CA5F6C0655B6}.Debug|arm64.Deploy.0 = Debug|arm64
		{4808585F-DBFA-4505-BA39-CA5F6C0655B6}.Debug|x64.ActiveCfg = Debug|x64
		{4808585F-DBFA-4505-BA39-CA5F6C0655B6}.Debug|x64.Build.0 = Debug|x64
		{4808585F-DBFA-4505-BA39-CA5F6C0655B6}.Debug|x64.Deploy.0 = Debug|x64
		{4808585F-DBFA-4505-BA39-CA5F6C0655B6}.Debug|x86.ActiveCfg = Debug|x86
		{4808585F-DBFA-4505-BA39-CA5F6C0655B6}.Debug|x86.Build.0 = Debug|x86
		{4808585F-DBFA-4505-BA39-CA5F6C0655B6}.Debug|x86.Deploy.0 = Debug|x86
		{4808585F-DBFA-4505-BA39-CA5F6C0655B6}.Release|Any CPU.ActiveCfg = Release|x64
		{4808585F-DBFA-4505-BA39-CA5F6C0655B6}.Release|Any CPU.Build.0 = Release|x64
		{4808585F-DBFA-4505-BA39-CA5F6C0655B6}.Release|Any CPU.Deploy.0 = Release|x64
		{4808585F-DBFA-4505-BA39-CA5F6C0655B6}.Release|arm64.ActiveCfg = Release|arm64
		{4808585F-DBFA-4505-BA39-CA5F6C0655B6}.Release|arm64.Build.0 = Release|arm64
		{4808585F-DBFA-4505-BA39-CA5F6C0655B6}.Release|arm64.Deploy.0 = Release|arm64
		{4808585F-DBFA-4505-BA39-CA5F6C0655B6}.Release|x64.ActiveCfg = Release|x64
		{4808585F-DBFA-4505-BA39-CA5F6C0655B6}.Release|x64.Build.0 = Release|x64
		{4808585F-DBFA-4505-BA39-CA5F6C0655B6}.Release|x64.Deploy.0 = Release|x64
		{4808585F-DBFA-4505-BA39-CA5F6C0655B6}.Release|x86.ActiveCfg = Release|x86
		{4808585F-DBFA-4505-BA39-CA5F6C0655B6}.Release|x86.Build.0 = Release|x86
		{4808585F-DBFA-4505-BA39-CA5F6C0655B6}.Release|x86.Deploy.0 = Release|x86
	EndGlobalSection
	GlobalSection(SolutionProperties) = preSolution
		HideSolutionNode = FALSE
	EndGlobalSection
	GlobalSection(NestedProjects) = preSolution
		{D80911A0-2492-4FDC-92F5-475CB40792D0} = {05A17724-393E-4E9C-AC5C-ABCA2D641337}
		{4808585F-DBFA-4505-BA39-CA5F6C0655B6} = {05A17724-393E-4E9C-AC5C-ABCA2D641337}
	EndGlobalSection
	GlobalSection(ExtensibilityGlobals) = postSolution
		SolutionGuid = {50C84443-8115-4903-BDD5-87C9513DD585}
	EndGlobalSection
EndGlobal
